
Microsoft Visual Studio Solution File, Format Version 12.00
# Visual Studio 15
VisualStudioVersion = 15.0.27130.2010
MinimumVisualStudioVersion = 10.0.40219.1
Project("{FAE04EC0-301F-11D3-BF4B-00C04F79EFBC}") = "RestaurantReviews", "RestaurantReviews\RestaurantReviews.csproj", "{5830FF6A-C10E-4B3E-9F49-3C902C25EAB6}"
EndProject
Project("{FAE04EC0-301F-11D3-BF4B-00C04F79EFBC}") = "RestaurantReviews.Tests", "RestaurantReviews.Tests\RestaurantReviews.Tests.csproj", "{37C8EBD6-F3AE-4182-9F68-B140B6F75D1B}"
EndProject
Global
	GlobalSection(SolutionConfigurationPlatforms) = preSolution
		Debug|Any CPU = Debug|Any CPU
		Release|Any CPU = Release|Any CPU
	EndGlobalSection
	GlobalSection(ProjectConfigurationPlatforms) = postSolution
		{5830FF6A-C10E-4B3E-9F49-3C902C25EAB6}.Debug|Any CPU.ActiveCfg = Debug|Any CPU
		{5830FF6A-C10E-4B3E-9F49-3C902C25EAB6}.Debug|Any CPU.Build.0 = Debug|Any CPU
		{5830FF6A-C10E-4B3E-9F49-3C902C25EAB6}.Release|Any CPU.ActiveCfg = Release|Any CPU
		{5830FF6A-C10E-4B3E-9F49-3C902C25EAB6}.Release|Any CPU.Build.0 = Release|Any CPU
		{37C8EBD6-F3AE-4182-9F68-B140B6F75D1B}.Debug|Any CPU.ActiveCfg = Debug|Any CPU
		{37C8EBD6-F3AE-4182-9F68-B140B6F75D1B}.Debug|Any CPU.Build.0 = Debug|Any CPU
		{37C8EBD6-F3AE-4182-9F68-B140B6F75D1B}.Release|Any CPU.ActiveCfg = Release|Any CPU
		{37C8EBD6-F3AE-4182-9F68-B140B6F75D1B}.Release|Any CPU.Build.0 = Release|Any CPU
	EndGlobalSection
	GlobalSection(SolutionProperties) = preSolution
		HideSolutionNode = FALSE
	EndGlobalSection
	GlobalSection(ExtensibilityGlobals) = postSolution
		SolutionGuid = {A460B280-C97E-41DE-995E-546501F46715}
	EndGlobalSection
EndGlobal
